// !$*UTF8*$!
{
	archiveVersion = 1;
	classes = {
	};
	objectVersion = 50;
	objects = {

/* Begin PBXBuildFile section */
		C2103CBF25201B7600AF5411 /* AppDelegate.swift in Sources */ = {isa = PBXBuildFile; fileRef = C2103CBE25201B7600AF5411 /* AppDelegate.swift */; };
		C2103CC125201B7600AF5411 /* SceneDelegate.swift in Sources */ = {isa = PBXBuildFile; fileRef = C2103CC025201B7600AF5411 /* SceneDelegate.swift */; };
		C2103CC625201B7600AF5411 /* Main.storyboard in Resources */ = {isa = PBXBuildFile; fileRef = C2103CC425201B7600AF5411 /* Main.storyboard */; };
		C2103CC825201B7700AF5411 /* Assets.xcassets in Resources */ = {isa = PBXBuildFile; fileRef = C2103CC725201B7700AF5411 /* Assets.xcassets */; };
		C2103CCB25201B7700AF5411 /* LaunchScreen.storyboard in Resources */ = {isa = PBXBuildFile; fileRef = C2103CC925201B7700AF5411 /* LaunchScreen.storyboard */; };
		C2103CD725201D7B00AF5411 /* HomeViewController.swift in Sources */ = {isa = PBXBuildFile; fileRef = C2103CD625201D7B00AF5411 /* HomeViewController.swift */; };
/* End PBXBuildFile section */

/* Begin PBXFileReference section */
		C2103CBB25201B7600AF5411 /* notes-youtube-tutorial.app */ = {isa = PBXFileReference; explicitFileType = wrapper.application; includeInIndex = 0; path = "notes-youtube-tutorial.app"; sourceTree = BUILT_PRODUCTS_DIR; };
		C2103CBE25201B7600AF5411 /* AppDelegate.swift */ = {isa = PBXFileReference; lastKnownFileType = sourcecode.swift; path = AppDelegate.swift; sourceTree = "<group>"; };
		C2103CC025201B7600AF5411 /* SceneDelegate.swift */ = {isa = PBXFileReference; lastKnownFileType = sourcecode.swift; path = SceneDelegate.swift; sourceTree = "<group>"; };
		C2103CC525201B7600AF5411 /* Base */ = {isa = PBXFileReference; lastKnownFileType = file.storyboard; name = Base; path = Base.lproj/Main.storyboard; sourceTree = "<group>"; };
		C2103CC725201B7700AF5411 /* Assets.xcassets */ = {isa = PBXFileReference; lastKnownFileType = folder.assetcatalog; path = Assets.xcassets; sourceTree = "<group>"; };
		C2103CCA25201B7700AF5411 /* Base */ = {isa = PBXFileReference; lastKnownFileType = file.storyboard; name = Base; path = Base.lproj/LaunchScreen.storyboard; sourceTree = "<group>"; };
		C2103CCC25201B7700AF5411 /* Info.plist */ = {isa = PBXFileReference; lastKnownFileType = text.plist.xml; path = Info.plist; sourceTree = "<group>"; };
		C2103CD625201D7B00AF5411 /* HomeViewController.swift */ = {isa = PBXFileReference; lastKnownFileType = sourcecode.swift; path = HomeViewController.swift; sourceTree = "<group>"; };
/* End PBXFileReference section */

/* Begin PBXFrameworksBuildPhase section */
		C2103CB825201B7600AF5411 /* Frameworks */ = {
			isa = PBXFrameworksBuildPhase;
			buildActionMask = 2147483647;
			files = (
			);
			runOnlyForDeploymentPostprocessing = 0;
		};
/* End PBXFrameworksBuildPhase section */

/* Begin PBXGroup section */
		C2103CB225201B7600AF5411 = {
			isa = PBXGroup;
			children = (
				C2103CBD25201B7600AF5411 /* notes-youtube-tutorial */,
				C2103CBC25201B7600AF5411 /* Products */,
			);
			sourceTree = "<group>";
		};
		C2103CBC25201B7600AF5411 /* Products */ = {
			isa = PBXGroup;
			children = (
				C2103CBB25201B7600AF5411 /* notes-youtube-tutorial.app */,
			);
			name = Products;
			sourceTree = "<group>";
		};
		C2103CBD25201B7600AF5411 /* notes-youtube-tutorial */ = {
			isa = PBXGroup;
			children = (
				C2103CD525201BA700AF5411 /* Model */,
				C2103CD425201BA200AF5411 /* View */,
				C2103CD325201B9B00AF5411 /* Controller */,
				C2103CBE25201B7600AF5411 /* AppDelegate.swift */,
				C2103CC025201B7600AF5411 /* SceneDelegate.swift */,
				C2103CC725201B7700AF5411 /* Assets.xcassets */,
				C2103CC925201B7700AF5411 /* LaunchScreen.storyboard */,
				C2103CCC25201B7700AF5411 /* Info.plist */,
			);
			path = "notes-youtube-tutorial";
			sourceTree = "<group>";
		};
		C2103CD325201B9B00AF5411 /* Controller */ = {
			isa = PBXGroup;
			children = (
				C2103CD625201D7B00AF5411 /* HomeViewController.swift */,
			);
			path = Controller;
			sourceTree = "<group>";
		};
		C2103CD425201BA200AF5411 /* View */ = {
			isa = PBXGroup;
			children = (
				C2103CC425201B7600AF5411 /* Main.storyboard */,
			);
			path = View;
			sourceTree = "<group>";
		};
		C2103CD525201BA700AF5411 /* Model */ = {
			isa = PBXGroup;
			children = (
			);
			path = Model;
			sourceTree = "<group>";
		};
/* End PBXGroup section */

/* Begin PBXNativeTarget section */
		C2103CBA25201B7600AF5411 /* notes-youtube-tutorial */ = {
			isa = PBXNativeTarget;
			buildConfigurationList = C2103CCF25201B7700AF5411 /* Build configuration list for PBXNativeTarget "notes-youtube-tutorial" */;
			buildPhases = (
				C2103CB725201B7600AF5411 /* Sources */,
				C2103CB825201B7600AF5411 /* Frameworks */,
				C2103CB925201B7600AF5411 /* Resources */,
			);
			buildRules = (
			);
			dependencies = (
			);
			name = "notes-youtube-tutorial";
			productName = "notes-youtube-tutorial";
			productReference = C2103CBB25201B7600AF5411 /* notes-youtube-tutorial.app */;
			productType = "com.apple.product-type.application";
		};
/* End PBXNativeTarget section */

/* Begin PBXProject section */
		C2103CB325201B7600AF5411 /* Project object */ = {
			isa = PBXProject;
			attributes = {
				LastSwiftUpdateCheck = 1200;
				LastUpgradeCheck = 1200;
				TargetAttributes = {
					C2103CBA25201B7600AF5411 = {
						CreatedOnToolsVersion = 12.0;
					};
				};
			};
			buildConfigurationList = C2103CB625201B7600AF5411 /* Build configuration list for PBXProject "notes-youtube-tutorial" */;
			compatibilityVersion = "Xcode 9.3";
			developmentRegion = en;
			hasScannedForEncodings = 0;
			knownRegions = (
				en,
				Base,
			);
			mainGroup = C2103CB225201B7600AF5411;
			productRefGroup = C2103CBC25201B7600AF5411 /* Products */;
			projectDirPath = "";
			projectRoot = "";
			targets = (
				C2103CBA25201B7600AF5411 /* notes-youtube-tutorial */,
			);
		};
/* End PBXProject section */

/* Begin PBXResourcesBuildPhase section */
		C2103CB925201B7600AF5411 /* Resources */ = {
			isa = PBXResourcesBuildPhase;
			buildActionMask = 2147483647;
			files = (
				C2103CCB25201B7700AF5411 /* LaunchScreen.storyboard in Resources */,
				C2103CC825201B7700AF5411 /* Assets.xcassets in Resources */,
				C2103CC625201B7600AF5411 /* Main.storyboard in Resources */,
			);
			runOnlyForDeploymentPostprocessing = 0;
		};
/* End PBXResourcesBuildPhase section */

/* Begin PBXSourcesBuildPhase section */
		C2103CB725201B7600AF5411 /* Sources */ = {
			isa = PBXSourcesBuildPhase;
			buildActionMask = 2147483647;
			files = (
				C2103CBF25201B7600AF5411 /* AppDelegate.swift in Sources */,
				C2103CC125201B7600AF5411 /* SceneDelegate.swift in Sources */,
				C2103CD725201D7B00AF5411 /* HomeViewController.swift in Sources */,
			);
			runOnlyForDeploymentPostprocessing = 0;
		};
/* End PBXSourcesBuildPhase section */

/* Begin PBXVariantGroup section */
		C2103CC425201B7600AF5411 /* Main.storyboard */ = {
			isa = PBXVariantGroup;
			children = (
				C2103CC525201B7600AF5411 /* Base */,
			);
			name = Main.storyboard;
			sourceTree = "<group>";
		};
		C2103CC925201B7700AF5411 /* LaunchScreen.storyboard */ = {
			isa = PBXVariantGroup;
			children = (
				C2103CCA25201B7700AF5411 /* Base */,
			);
			name = LaunchScreen.storyboard;
			sourceTree = "<group>";
		};
/* End PBXVariantGroup section */

/* Begin XCBuildConfiguration section */
		C2103CCD25201B7700AF5411 /* Debug */ = {
			isa = XCBuildConfiguration;
			buildSettings = {
				ALWAYS_SEARCH_USER_PATHS = NO;
				CLANG_ANALYZER_NONNULL = YES;
				CLANG_ANALYZER_NUMBER_OBJECT_CONVERSION = YES_AGGRESSIVE;
				CLANG_CXX_LANGUAGE_STANDARD = "gnu++14";
				CLANG_CXX_LIBRARY = "libc++";
				CLANG_ENABLE_MODULES = YES;
				CLANG_ENABLE_OBJC_ARC = YES;
				CLANG_ENABLE_OBJC_WEAK = YES;
				CLANG_WARN_BLOCK_CAPTURE_AUTORELEASING = YES;
				CLANG_WARN_BOOL_CONVERSION = YES;
				CLANG_WARN_COMMA = YES;
				CLANG_WARN_CONSTANT_CONVERSION = YES;
				CLANG_WARN_DEPRECATED_OBJC_IMPLEMENTATIONS = YES;
				CLANG_WARN_DIRECT_OBJC_ISA_USAGE = YES_ERROR;
				CLANG_WARN_DOCUMENTATION_COMMENTS = YES;
				CLANG_WARN_EMPTY_BODY = YES;
				CLANG_WARN_ENUM_CONVERSION = YES;
				CLANG_WARN_INFINITE_RECURSION = YES;
				CLANG_WARN_INT_CONVERSION = YES;
				CLANG_WARN_NON_LITERAL_NULL_CONVERSION = YES;
				CLANG_WARN_OBJC_IMPLICIT_RETAIN_SELF = YES;
				CLANG_WARN_OBJC_LITERAL_CONVERSION = YES;
				CLANG_WARN_OBJC_ROOT_CLASS = YES_ERROR;
				CLANG_WARN_QUOTED_INCLUDE_IN_FRAMEWORK_HEADER = YES;
				CLANG_WARN_RANGE_LOOP_ANALYSIS = YES;
				CLANG_WARN_STRICT_PROTOTYPES = YES;
				CLANG_WARN_SUSPICIOUS_MOVE = YES;
				CLANG_WARN_UNGUARDED_AVAILABILITY = YES_AGGRESSIVE;
				CLANG_WARN_UNREACHABLE_CODE = YES;
				CLANG_WARN__DUPLICATE_METHOD_MATCH = YES;
				COPY_PHASE_STRIP = NO;
				DEBUG_INFORMATION_FORMAT = dwarf;
				ENABLE_STRICT_OBJC_MSGSEND = YES;
				ENABLE_TESTABILITY = YES;
				GCC_C_LANGUAGE_STANDARD = gnu11;
				GCC_DYNAMIC_NO_PIC = NO;
				GCC_NO_COMMON_BLOCKS = YES;
				GCC_OPTIMIZATION_LEVEL = 0;
				GCC_PREPROCESSOR_DEFINITIONS = (
					"DEBUG=1",
					"$(inherited)",
				);
				GCC_WARN_64_TO_32_BIT_CONVERSION = YES;
				GCC_WARN_ABOUT_RETURN_TYPE = YES_ERROR;
				GCC_WARN_UNDECLARED_SELECTOR = YES;
				GCC_WARN_UNINITIALIZED_AUTOS = YES_AGGRESSIVE;
				GCC_WARN_UNUSED_FUNCTION = YES;
				GCC_WARN_UNUSED_VARIABLE = YES;
				IPHONEOS_DEPLOYMENT_TARGET = 14.0;
				MTL_ENABLE_DEBUG_INFO = INCLUDE_SOURCE;
				MTL_FAST_MATH = YES;
				ONLY_ACTIVE_ARCH = YES;
				SDKROOT = iphoneos;
				SWIFT_ACTIVE_COMPILATION_CONDITIONS = DEBUG;
				SWIFT_OPTIMIZATION_LEVEL = "-Onone";
			};
			name = Debug;
		};
		C2103CCE25201B7700AF5411 /* Release */ = {
			isa = XCBuildConfiguration;
			buildSettings = {
				ALWAYS_SEARCH_USER_PATHS = NO;
				CLANG_ANALYZER_NONNULL = YES;
				CLANG_ANALYZER_NUMBER_OBJECT_CONVERSION = YES_AGGRESSIVE;
				CLANG_CXX_LANGUAGE_STANDARD = "gnu++14";
				CLANG_CXX_LIBRARY = "libc++";
				CLANG_ENABLE_MODULES = YES;
				CLANG_ENABLE_OBJC_ARC = YES;
				CLANG_ENABLE_OBJC_WEAK = YES;
				CLANG_WARN_BLOCK_CAPTURE_AUTORELEASING = YES;
				CLANG_WARN_BOOL_CONVERSION = YES;
				CLANG_WARN_COMMA = YES;
				CLANG_WARN_CONSTANT_CONVERSION = YES;
				CLANG_WARN_DEPRECATED_OBJC_IMPLEMENTATIONS = YES;
				CLANG_WARN_DIRECT_OBJC_ISA_USAGE = YES_ERROR;
				CLANG_WARN_DOCUMENTATION_COMMENTS = YES;
				CLANG_WARN_EMPTY_BODY = YES;
				CLANG_WARN_ENUM_CONVERSION = YES;
				CLANG_WARN_INFINITE_RECURSION = YES;
				CLANG_WARN_INT_CONVERSION = YES;
				CLANG_WARN_NON_LITERAL_NULL_CONVERSION = YES;
				CLANG_WARN_OBJC_IMPLICIT_RETAIN_SELF = YES;
				CLANG_WARN_OBJC_LITERAL_CONVERSION = YES;
				CLANG_WARN_OBJC_ROOT_CLASS = YES_ERROR;
				CLANG_WARN_QUOTED_INCLUDE_IN_FRAMEWORK_HEADER = YES;
				CLANG_WARN_RANGE_LOOP_ANALYSIS = YES;
				CLANG_WARN_STRICT_PROTOTYPES = YES;
				CLANG_WARN_SUSPICIOUS_MOVE = YES;
				CLANG_WARN_UNGUARDED_AVAILABILITY = YES_AGGRESSIVE;
				CLANG_WARN_UNREACHABLE_CODE = YES;
				CLANG_WARN__DUPLICATE_METHOD_MATCH = YES;
				COPY_PHASE_STRIP = NO;
				DEBUG_INFORMATION_FORMAT = "dwarf-with-dsym";
				ENABLE_NS_ASSERTIONS = NO;
				ENABLE_STRICT_OBJC_MSGSEND = YES;
				GCC_C_LANGUAGE_STANDARD = gnu11;
				GCC_NO_COMMON_BLOCKS = YES;
				GCC_WARN_64_TO_32_BIT_CONVERSION = YES;
				GCC_WARN_ABOUT_RETURN_TYPE = YES_ERROR;
				GCC_WARN_UNDECLARED_SELECTOR = YES;
				GCC_WARN_UNINITIALIZED_AUTOS = YES_AGGRESSIVE;
				GCC_WARN_UNUSED_FUNCTION = YES;
				GCC_WARN_UNUSED_VARIABLE = YES;
				IPHONEOS_DEPLOYMENT_TARGET = 14.0;
				MTL_ENABLE_DEBUG_INFO = NO;
				MTL_FAST_MATH = YES;
				SDKROOT = iphoneos;
				SWIFT_COMPILATION_MODE = wholemodule;
				SWIFT_OPTIMIZATION_LEVEL = "-O";
				VALIDATE_PRODUCT = YES;
			};
			name = Release;
		};
		C2103CD025201B7700AF5411 /* Debug */ = {
			isa = XCBuildConfiguration;
			buildSettings = {
				ASSETCATALOG_COMPILER_APPICON_NAME = AppIcon;
				ASSETCATALOG_COMPILER_GLOBAL_ACCENT_COLOR_NAME = AccentColor;
				CODE_SIGN_STYLE = Automatic;
				DEVELOPMENT_TEAM = DT454V4AJ9;
				INFOPLIST_FILE = "notes-youtube-tutorial/Info.plist";
				LD_RUNPATH_SEARCH_PATHS = (
					"$(inherited)",
					"@executable_path/Frameworks",
				);
				PRODUCT_BUNDLE_IDENTIFIER = "com.michaelhandkins.notes-youtube-tutorial";
				PRODUCT_NAME = "$(TARGET_NAME)";
				SWIFT_VERSION = 5.0;
				TARGETED_DEVICE_FAMILY = "1,2";
			};
			name = Debug;
		};
		C2103CD125201B7700AF5411 /* Release */ = {
			isa = XCBuildConfiguration;
			buildSettings = {
				ASSETCATALOG_COMPILER_APPICON_NAME = AppIcon;
				ASSETCATALOG_COMPILER_GLOBAL_ACCENT_COLOR_NAME = AccentColor;
				CODE_SIGN_STYLE = Automatic;
				DEVELOPMENT_TEAM = DT454V4AJ9;
				INFOPLIST_FILE = "notes-youtube-tutorial/Info.plist";
				LD_RUNPATH_SEARCH_PATHS = (
					"$(inherited)",
					"@executable_path/Frameworks",
				);
				PRODUCT_BUNDLE_IDENTIFIER = "com.michaelhandkins.notes-youtube-tutorial";
				PRODUCT_NAME = "$(TARGET_NAME)";
				SWIFT_VERSION = 5.0;
				TARGETED_DEVICE_FAMILY = "1,2";
			};
			name = Release;
		};
/* End XCBuildConfiguration section */

/* Begin XCConfigurationList section */
		C2103CB625201B7600AF5411 /* Build configuration list for PBXProject "notes-youtube-tutorial" */ = {
			isa = XCConfigurationList;
			buildConfigurations = (
				C2103CCD25201B7700AF5411 /* Debug */,
				C2103CCE25201B7700AF5411 /* Release */,
			);
			defaultConfigurationIsVisible = 0;
			defaultConfigurationName = Release;
		};
		C2103CCF25201B7700AF5411 /* Build configuration list for PBXNativeTarget "notes-youtube-tutorial" */ = {
			isa = XCConfigurationList;
			buildConfigurations = (
				C2103CD025201B7700AF5411 /* Debug */,
				C2103CD125201B7700AF5411 /* Release */,
			);
			defaultConfigurationIsVisible = 0;
			defaultConfigurationName = Release;
		};
/* End XCConfigurationList section */
	};
	rootObject = C2103CB325201B7600AF5411 /* Project object */;
}
